<?xml version="1.0" encoding="utf-8"?>
<Project ToolsVersion="4.0" xmlns="http://schemas.microsoft.com/developer/msbuild/2003">
  <ItemGroup>
    <Filter Include="Source Files">
      <UniqueIdentifier>{4FC737F1-C7A5-4376-A066-2A32D752A2FF}</UniqueIdentifier>
      <Extensions>cpp;c;cc;cxx;c++;cppm;ixx;def;odl;idl;hpj;bat;asm;asmx</Extensions>
    </Filter>
    <Filter Include="Header Files">
      <UniqueIdentifier>{93995380-89BD-4b04-88EB-625FBE52EBFB}</UniqueIdentifier>
      <Extensions>h;hh;hpp;hxx;h++;hm;inl;inc;ipp;xsd</Extensions>
    </Filter>
    <Filter Include="Resource Files">
      <UniqueIdentifier>{67DA6AB6-F800-4c08-8B7A-83BB121AAD01}</UniqueIdentifier>
      <Extensions>rc;ico;cur;bmp;dlg;rc2;rct;bin;rgs;gif;jpg;jpeg;jpe;resx;tiff;tif;png;wav;mfcribbon-ms</Extensions>
    </Filter>
  </ItemGroup>
  <ItemGroup>
    <ClCompile Include="main.cpp">
      <Filter>Source Files</Filter>
    </ClCompile>
    <ClCompile Include="Game.cpp">
      <Filter>Source Files</Filter>
    </ClCompile>
    <ClCompile Include="assets\TextureManager.cpp">
      <Filter>Source Files</Filter>
    </ClCompile>
    <ClCompile Include="Map.cpp">
      <Filter>Source Files</Filter>
    </ClCompile>
    <ClCompile Include="Physics\Vector2D.cpp">
      <Filter>Source Files</Filter>
    </ClCompile>
    <ClCompile Include="Collision.cpp">
      <Filter>Source Files</Filter>
    </ClCompile>
    <ClCompile Include="ECS\ECS.cpp">
      <Filter>Source Files</Filter>
    </ClCompile>
    <ClCompile Include="assets\AssetsManger.cpp">
      <Filter>Source Files</Filter>
    </ClCompile>
    <ClCompile Include="introState.cpp">
      <Filter>Source Files</Filter>
    </ClCompile>
    <ClCompile Include="menuState.cpp">
      <Filter>Source Files</Filter>
    </ClCompile>
    <ClCompile Include="playState.cpp">
      <Filter>Source Files</Filter>
    </ClCompile>
    <ClCompile Include="gameoverState.cpp">
      <Filter>Source Files</Filter>
    </ClCompile>
    <ClCompile Include="Timer.cpp">
      <Filter>Source Files</Filter>
    </ClCompile>
    <ClCompile Include="Button.cpp">
      <Filter>Source Files</Filter>
    </ClCompile>
  </ItemGroup>
  <ItemGroup>
    <ClInclude Include="Map.h">
      <Filter>Header Files</Filter>
    </ClInclude>
    <ClInclude Include="Game.h">
      <Filter>Source Files</Filter>
    </ClInclude>
    <ClInclude Include="assets\TextureManager.h">
      <Filter>Header Files</Filter>
    </ClInclude>
    <ClInclude Include="ECS\Components.h">
      <Filter>Header Files</Filter>
    </ClInclude>
    <ClInclude Include="ECS\SpriteComponent.h">
      <Filter>Header Files</Filter>
    </ClInclude>
    <ClInclude Include="ECS\TransformComponent.h">
      <Filter>Header Files</Filter>
    </ClInclude>
    <ClInclude Include="Physics\Vector2D.h">
      <Filter>Header Files</Filter>
    </ClInclude>
    <ClInclude Include="ECS\KeyboardController.h">
      <Filter>Header Files</Filter>
    </ClInclude>
    <ClInclude Include="ECS\RigidBody.h">
      <Filter>Header Files</Filter>
    </ClInclude>
    <ClInclude Include="ECS\ColliderComponent.h">
      <Filter>Header Files</Filter>
    </ClInclude>
    <ClInclude Include="Collision.h">
      <Filter>Header Files</Filter>
    </ClInclude>
    <ClInclude Include="ECS\TitleComponent.h">
      <Filter>Header Files</Filter>
    </ClInclude>
    <ClInclude Include="ECS\Animation.h">
      <Filter>Header Files</Filter>
    </ClInclude>
    <ClInclude Include="ECS\Stats.h">
      <Filter>Header Files</Filter>
    </ClInclude>
    <ClInclude Include="assets\AssetsManager.h">
      <Filter>Header Files</Filter>
    </ClInclude>
    <ClInclude Include="ECS\ECS.h">
      <Filter>Header Files</Filter>
    </ClInclude>
    <ClInclude Include="ECS\ProjectileComponent.h">
      <Filter>Header Files</Filter>
    </ClInclude>
    <ClInclude Include="ECS\Enemy.h">
      <Filter>Header Files</Filter>
    </ClInclude>
    <ClInclude Include="Gamestate.h">
      <Filter>Header Files</Filter>
    </ClInclude>
    <ClInclude Include="introState.h">
      <Filter>Header Files</Filter>
    </ClInclude>
    <ClInclude Include="menuState.h">
      <Filter>Header Files</Filter>
    </ClInclude>
    <ClInclude Include="playState.h">
      <Filter>Header Files</Filter>
    </ClInclude>
    <ClInclude Include="ECS\UILabel.h">
      <Filter>Header Files</Filter>
    </ClInclude>
    <ClInclude Include="gameoverState.h">
      <Filter>Header Files</Filter>
    </ClInclude>
    <ClInclude Include="Timer.h">
      <Filter>Header Files</Filter>
    </ClInclude>
    <ClInclude Include="Button.h">
      <Filter>Header Files</Filter>
    </ClInclude>
  </ItemGroup>
  <ItemGroup>
    <ResourceCompile Include="BTL-game.rc">
      <Filter>Resource Files</Filter>
    </ResourceCompile>
  </ItemGroup>
  <ItemGroup>
    <Image Include="assets\image\colors.png">
      <Filter>Resource Files</Filter>
    </Image>
    <Image Include="assets\image\gameover.jpg">
      <Filter>Resource Files</Filter>
    </Image>
    <Image Include="colors.png">
      <Filter>Resource Files</Filter>
    </Image>
    <Image Include="assets\image\arnold.png">
      <Filter>Resource Files</Filter>
    </Image>
    <Image Include="image\enemy.png">
      <Filter>Resource Files</Filter>
    </Image>
    <Image Include="assets\image\dirt_txt.png">
      <Filter>Resource Files</Filter>
    </Image>
    <Image Include="assets\image\grass_txt.png">
      <Filter>Resource Files</Filter>
    </Image>
    <Image Include="assets\image\water_txt.png">
      <Filter>Resource Files</Filter>
    </Image>
    <Image Include="assets\image\f_petersprite.png">
      <Filter>Resource Files</Filter>
    </Image>
    <Image Include="assets\image\rl_projectile.jpg">
      <Filter>Resource Files</Filter>
    </Image>
  </ItemGroup>
  <ItemGroup>
    <Text Include="ECS\test.txt" />
  </ItemGroup>
</Project>